
Microsoft Visual Studio Solution File, Format Version 12.00
# Visual Studio Version 17
VisualStudioVersion = 17.0.31612.314
MinimumVisualStudioVersion = 10.0.40219.1
Project("{FAE04EC0-301F-11D3-BF4B-00C04F79EFBC}") = "TCPChatAsync", "TCPChatAsync\TCPChatAsync.csproj", "{4190BA3A-38D8-45E0-873F-5465BB7E2CC0}"
EndProject
Project("{FAE04EC0-301F-11D3-BF4B-00C04F79EFBC}") = "Client", "Client\Client.csproj", "{AF75055A-7C00-4821-AA05-C292956E592E}"
EndProject
Global
	GlobalSection(SolutionConfigurationPlatforms) = preSolution
		Debug|Any CPU = Debug|Any CPU
		Release|Any CPU = Release|Any CPU
	EndGlobalSection
	GlobalSection(ProjectConfigurationPlatforms) = postSolution
		{4190BA3A-38D8-45E0-873F-5465BB7E2CC0}.Debug|Any CPU.ActiveCfg = Debug|Any CPU
		{4190BA3A-38D8-45E0-873F-5465BB7E2CC0}.Debug|Any CPU.Build.0 = Debug|Any CPU
		{4190BA3A-38D8-45E0-873F-5465BB7E2CC0}.Release|Any CPU.ActiveCfg = Release|Any CPU
		{4190BA3A-38D8-45E0-873F-5465BB7E2CC0}.Release|Any CPU.Build.0 = Release|Any CPU
		{AF75055A-7C00-4821-AA05-C292956E592E}.Debug|Any CPU.ActiveCfg = Debug|Any CPU
		{AF75055A-7C00-4821-AA05-C292956E592E}.Debug|Any CPU.Build.0 = Debug|Any CPU
		{AF75055A-7C00-4821-AA05-C292956E592E}.Release|Any CPU.ActiveCfg = Release|Any CPU
		{AF75055A-7C00-4821-AA05-C292956E592E}.Release|Any CPU.Build.0 = Release|Any CPU
	EndGlobalSection
	GlobalSection(SolutionProperties) = preSolution
		HideSolutionNode = FALSE
	EndGlobalSection
	GlobalSection(ExtensibilityGlobals) = postSolution
		SolutionGuid = {076B27C0-784F-4B80-9062-7CF2D5FC7D9F}
	EndGlobalSection
EndGlobal
