
Microsoft Visual Studio Solution File, Format Version 12.00
# Visual Studio Version 17
VisualStudioVersion = 17.0.31612.314
MinimumVisualStudioVersion = 10.0.40219.1
Project("{FAE04EC0-301F-11D3-BF4B-00C04F79EFBC}") = "BTH1_C2", "BTH1_C2\BTH1_C2.csproj", "{C5143E2F-9900-4929-AE86-728BEA5EA487}"
EndProject
Project("{FAE04EC0-301F-11D3-BF4B-00C04F79EFBC}") = "Client", "Client\Client.csproj", "{56BAFB08-7E11-4315-8503-B0A51BDF57E8}"
EndProject
Global
	GlobalSection(SolutionConfigurationPlatforms) = preSolution
		Debug|Any CPU = Debug|Any CPU
		Release|Any CPU = Release|Any CPU
	EndGlobalSection
	GlobalSection(ProjectConfigurationPlatforms) = postSolution
		{C5143E2F-9900-4929-AE86-728BEA5EA487}.Debug|Any CPU.ActiveCfg = Debug|Any CPU
		{C5143E2F-9900-4929-AE86-728BEA5EA487}.Debug|Any CPU.Build.0 = Debug|Any CPU
		{C5143E2F-9900-4929-AE86-728BEA5EA487}.Release|Any CPU.ActiveCfg = Release|Any CPU
		{C5143E2F-9900-4929-AE86-728BEA5EA487}.Release|Any CPU.Build.0 = Release|Any CPU
		{56BAFB08-7E11-4315-8503-B0A51BDF57E8}.Debug|Any CPU.ActiveCfg = Debug|Any CPU
		{56BAFB08-7E11-4315-8503-B0A51BDF57E8}.Debug|Any CPU.Build.0 = Debug|Any CPU
		{56BAFB08-7E11-4315-8503-B0A51BDF57E8}.Release|Any CPU.ActiveCfg = Release|Any CPU
		{56BAFB08-7E11-4315-8503-B0A51BDF57E8}.Release|Any CPU.Build.0 = Release|Any CPU
	EndGlobalSection
	GlobalSection(SolutionProperties) = preSolution
		HideSolutionNode = FALSE
	EndGlobalSection
	GlobalSection(ExtensibilityGlobals) = postSolution
		SolutionGuid = {89E21D7E-7C75-425E-92B1-1FD047FCBDD4}
	EndGlobalSection
EndGlobal
