
Microsoft Visual Studio Solution File, Format Version 12.00
# Visual Studio Version 17
VisualStudioVersion = 17.0.31423.177
MinimumVisualStudioVersion = 10.0.40219.1
Project("{FAE04EC0-301F-11D3-BF4B-00C04F79EFBC}") = "Server_Remote_Desktop", "Server_Remote_Desktop\Server_Remote_Desktop.csproj", "{A4D14730-6CF0-4BE8-8167-EDCC4E64CE05}"
EndProject
Global
	GlobalSection(SolutionConfigurationPlatforms) = preSolution
		Debug|Any CPU = Debug|Any CPU
		Release|Any CPU = Release|Any CPU
	EndGlobalSection
	GlobalSection(ProjectConfigurationPlatforms) = postSolution
		{A4D14730-6CF0-4BE8-8167-EDCC4E64CE05}.Debug|Any CPU.ActiveCfg = Debug|Any CPU
		{A4D14730-6CF0-4BE8-8167-EDCC4E64CE05}.Debug|Any CPU.Build.0 = Debug|Any CPU
		{A4D14730-6CF0-4BE8-8167-EDCC4E64CE05}.Release|Any CPU.ActiveCfg = Release|Any CPU
		{A4D14730-6CF0-4BE8-8167-EDCC4E64CE05}.Release|Any CPU.Build.0 = Release|Any CPU
	EndGlobalSection
	GlobalSection(SolutionProperties) = preSolution
		HideSolutionNode = FALSE
	EndGlobalSection
	GlobalSection(ExtensibilityGlobals) = postSolution
		SolutionGuid = {E99D8197-855F-4082-B86D-C4A23E5C94B4}
	EndGlobalSection
EndGlobal
