
Microsoft Visual Studio Solution File, Format Version 12.00
# Visual Studio Version 17
VisualStudioVersion = 17.0.31612.314
MinimumVisualStudioVersion = 10.0.40219.1
Project("{FAE04EC0-301F-11D3-BF4B-00C04F79EFBC}") = "TCPAsync", "TCPAsync\TCPAsync.csproj", "{C8E003AA-DD84-4745-B037-7B72A44E4FDB}"
EndProject
Project("{FAE04EC0-301F-11D3-BF4B-00C04F79EFBC}") = "Client", "Client\Client.csproj", "{EFAAAEF8-781C-4838-B9FD-62D227F7FC3F}"
EndProject
Global
	GlobalSection(SolutionConfigurationPlatforms) = preSolution
		Debug|Any CPU = Debug|Any CPU
		Release|Any CPU = Release|Any CPU
	EndGlobalSection
	GlobalSection(ProjectConfigurationPlatforms) = postSolution
		{C8E003AA-DD84-4745-B037-7B72A44E4FDB}.Debug|Any CPU.ActiveCfg = Debug|Any CPU
		{C8E003AA-DD84-4745-B037-7B72A44E4FDB}.Debug|Any CPU.Build.0 = Debug|Any CPU
		{C8E003AA-DD84-4745-B037-7B72A44E4FDB}.Release|Any CPU.ActiveCfg = Release|Any CPU
		{C8E003AA-DD84-4745-B037-7B72A44E4FDB}.Release|Any CPU.Build.0 = Release|Any CPU
		{EFAAAEF8-781C-4838-B9FD-62D227F7FC3F}.Debug|Any CPU.ActiveCfg = Debug|Any CPU
		{EFAAAEF8-781C-4838-B9FD-62D227F7FC3F}.Debug|Any CPU.Build.0 = Debug|Any CPU
		{EFAAAEF8-781C-4838-B9FD-62D227F7FC3F}.Release|Any CPU.ActiveCfg = Release|Any CPU
		{EFAAAEF8-781C-4838-B9FD-62D227F7FC3F}.Release|Any CPU.Build.0 = Release|Any CPU
	EndGlobalSection
	GlobalSection(SolutionProperties) = preSolution
		HideSolutionNode = FALSE
	EndGlobalSection
	GlobalSection(ExtensibilityGlobals) = postSolution
		SolutionGuid = {430E481E-7460-48C0-80A7-AE3FBAC0129C}
	EndGlobalSection
EndGlobal
