
Microsoft Visual Studio Solution File, Format Version 12.00
# Visual Studio Version 17
VisualStudioVersion = 17.0.31423.177
MinimumVisualStudioVersion = 10.0.40219.1
Project("{FAE04EC0-301F-11D3-BF4B-00C04F79EFBC}") = "Client", "RemoteDesktop\Client.csproj", "{C6082B5A-6641-4971-BDC8-C8404F73587C}"
EndProject
Project("{FAE04EC0-301F-11D3-BF4B-00C04F79EFBC}") = "Server", "Server\Server.csproj", "{7E42C087-5050-4B6F-9F91-C0397B6F73FF}"
EndProject
Global
	GlobalSection(SolutionConfigurationPlatforms) = preSolution
		Debug|Any CPU = Debug|Any CPU
		Release|Any CPU = Release|Any CPU
	EndGlobalSection
	GlobalSection(ProjectConfigurationPlatforms) = postSolution
		{C6082B5A-6641-4971-BDC8-C8404F73587C}.Debug|Any CPU.ActiveCfg = Debug|Any CPU
		{C6082B5A-6641-4971-BDC8-C8404F73587C}.Debug|Any CPU.Build.0 = Debug|Any CPU
		{C6082B5A-6641-4971-BDC8-C8404F73587C}.Release|Any CPU.ActiveCfg = Release|Any CPU
		{C6082B5A-6641-4971-BDC8-C8404F73587C}.Release|Any CPU.Build.0 = Release|Any CPU
		{7E42C087-5050-4B6F-9F91-C0397B6F73FF}.Debug|Any CPU.ActiveCfg = Debug|Any CPU
		{7E42C087-5050-4B6F-9F91-C0397B6F73FF}.Debug|Any CPU.Build.0 = Debug|Any CPU
		{7E42C087-5050-4B6F-9F91-C0397B6F73FF}.Release|Any CPU.ActiveCfg = Release|Any CPU
		{7E42C087-5050-4B6F-9F91-C0397B6F73FF}.Release|Any CPU.Build.0 = Release|Any CPU
	EndGlobalSection
	GlobalSection(SolutionProperties) = preSolution
		HideSolutionNode = FALSE
	EndGlobalSection
	GlobalSection(ExtensibilityGlobals) = postSolution
		SolutionGuid = {A75DDA01-A377-4639-AB1E-927E82A7ABFD}
	EndGlobalSection
EndGlobal
